<?xml version="1.0" encoding="utf-8"?>
<Project ToolsVersion="4.0" xmlns="http://schemas.microsoft.com/developer/msbuild/2003">
  <ItemGroup>
    <ClCompile Include="gfxcomp_lzsa.cpp" />
    <ClCompile Include="lzsa\src\dictionary.c">
      <Filter>lzsa</Filter>
    </ClCompile>
    <ClCompile Include="lzsa\src\expand_block_v1.c">
      <Filter>lzsa</Filter>
    </ClCompile>
    <ClCompile Include="lzsa\src\expand_block_v2.c">
      <Filter>lzsa</Filter>
    </ClCompile>
    <ClCompile Include="lzsa\src\expand_context.c">
      <Filter>lzsa</Filter>
    </ClCompile>
    <ClCompile Include="lzsa\src\expand_inmem.c">
      <Filter>lzsa</Filter>
    </ClCompile>
    <ClCompile Include="lzsa\src\expand_streaming.c">
      <Filter>lzsa</Filter>
    </ClCompile>
    <ClCompile Include="lzsa\src\frame.c">
      <Filter>lzsa</Filter>
    </ClCompile>
    <ClCompile Include="lzsa\src\lzsa.c">
      <Filter>lzsa</Filter>
    </ClCompile>
    <ClCompile Include="lzsa\src\matchfinder.c">
      <Filter>lzsa</Filter>
    </ClCompile>
    <ClCompile Include="lzsa\src\shrink_block_v1.c">
      <Filter>lzsa</Filter>
    </ClCompile>
    <ClCompile Include="lzsa\src\shrink_block_v2.c">
      <Filter>lzsa</Filter>
    </ClCompile>
    <ClCompile Include="lzsa\src\shrink_context.c">
      <Filter>lzsa</Filter>
    </ClCompile>
    <ClCompile Include="lzsa\src\shrink_inmem.c">
      <Filter>lzsa</Filter>
    </ClCompile>
    <ClCompile Include="lzsa\src\shrink_streaming.c">
      <Filter>lzsa</Filter>
    </ClCompile>
    <ClCompile Include="lzsa\src\stream.c">
      <Filter>lzsa</Filter>
    </ClCompile>
    <ClCompile Include="lzsa\src\libdivsufsort\lib\divsufsort.c">
      <Filter>libdivsufsort</Filter>
    </ClCompile>
    <ClCompile Include="lzsa\src\libdivsufsort\lib\divsufsort_utils.c">
      <Filter>libdivsufsort</Filter>
    </ClCompile>
    <ClCompile Include="lzsa\src\libdivsufsort\lib\sssort.c">
      <Filter>libdivsufsort</Filter>
    </ClCompile>
    <ClCompile Include="lzsa\src\libdivsufsort\lib\trsort.c">
      <Filter>libdivsufsort</Filter>
    </ClCompile>
  </ItemGroup>
  <ItemGroup>
    <Filter Include="lzsa">
      <UniqueIdentifier>{20b3d565-dea6-44e6-9316-cbb84b24db7f}</UniqueIdentifier>
    </Filter>
    <Filter Include="libdivsufsort">
      <UniqueIdentifier>{25aafc4c-43e4-46c3-b9d3-342ac3fc21b2}</UniqueIdentifier>
    </Filter>
  </ItemGroup>
  <ItemGroup>
    <ClInclude Include="lzsa\src\dictionary.h">
      <Filter>lzsa</Filter>
    </ClInclude>
    <ClInclude Include="lzsa\src\expand_block_v1.h">
      <Filter>lzsa</Filter>
    </ClInclude>
    <ClInclude Include="lzsa\src\expand_block_v2.h">
      <Filter>lzsa</Filter>
    </ClInclude>
    <ClInclude Include="lzsa\src\expand_context.h">
      <Filter>lzsa</Filter>
    </ClInclude>
    <ClInclude Include="lzsa\src\expand_inmem.h">
      <Filter>lzsa</Filter>
    </ClInclude>
    <ClInclude Include="lzsa\src\expand_streaming.h">
      <Filter>lzsa</Filter>
    </ClInclude>
    <ClInclude Include="lzsa\src\format.h">
      <Filter>lzsa</Filter>
    </ClInclude>
    <ClInclude Include="lzsa\src\frame.h">
      <Filter>lzsa</Filter>
    </ClInclude>
    <ClInclude Include="lzsa\src\lib.h">
      <Filter>lzsa</Filter>
    </ClInclude>
    <ClInclude Include="lzsa\src\matchfinder.h">
      <Filter>lzsa</Filter>
    </ClInclude>
    <ClInclude Include="lzsa\src\shrink_block_v1.h">
      <Filter>lzsa</Filter>
    </ClInclude>
    <ClInclude Include="lzsa\src\shrink_block_v2.h">
      <Filter>lzsa</Filter>
    </ClInclude>
    <ClInclude Include="lzsa\src\shrink_context.h">
      <Filter>lzsa</Filter>
    </ClInclude>
    <ClInclude Include="lzsa\src\shrink_inmem.h">
      <Filter>lzsa</Filter>
    </ClInclude>
    <ClInclude Include="lzsa\src\shrink_streaming.h">
      <Filter>lzsa</Filter>
    </ClInclude>
    <ClInclude Include="lzsa\src\stream.h">
      <Filter>lzsa</Filter>
    </ClInclude>
    <ClInclude Include="lzsa\src\libdivsufsort\include\divsufsort.h">
      <Filter>libdivsufsort</Filter>
    </ClInclude>
    <ClInclude Include="lzsa\src\libdivsufsort\include\divsufsort_config.h">
      <Filter>libdivsufsort</Filter>
    </ClInclude>
    <ClInclude Include="lzsa\src\libdivsufsort\include\divsufsort_private.h">
      <Filter>libdivsufsort</Filter>
    </ClInclude>
  </ItemGroup>
</Project>