Microsoft Visual Studio Solution File, Format Version 12.00
# Visual Studio Version 17
VisualStudioVersion = 17.3.32811.315
MinimumVisualStudioVersion = 10.0.40219.1
Project("{8BC9CEB8-8B4A-11D0-8D11-00A0C91BC942}") = "gfxcomp_phantasystar", "gfxcomp_phantasystar.vcxproj", "{CDDC9081-7930-454C-A887-B72BDFE9DE93}"
EndProject
Project("{8BC9CEB8-8B4A-11D0-8D11-00A0C91BC942}") = "gfxcomp_raw", "gfxcomp_raw.vcxproj", "{7D600DE4-F899-4BD7-9CFB-C6BFF8A76514}"
EndProject
Project("{8BC9CEB8-8B4A-11D0-8D11-00A0C91BC942}") = "gfxcomp_psgaiden", "gfxcomp_psgaiden.vcxproj", "{F318F9F9-9F30-484C-B1EE-3F20FE6CC480}"
EndProject
Project("{8BC9CEB8-8B4A-11D0-8D11-00A0C91BC942}") = "gfxcomp_1bppraw", "gfxcomp_1bppraw.vcxproj", "{EEA25CFF-B4E6-4585-AD37-54F2F2A28DFC}"
EndProject
Project("{8BC9CEB8-8B4A-11D0-8D11-00A0C91BC942}") = "gfxcomp_sonic1", "gfxcomp_sonic1.vcxproj", "{279B63D9-4BFE-406C-A6C2-756D3082BB36}"
EndProject
Project("{8BC9CEB8-8B4A-11D0-8D11-00A0C91BC942}") = "gfxcomp_exe", "gfxcomp_exe.vcxproj", "{2AAEA610-2056-497A-86F1-F83DCE7682D4}"
EndProject
Project("{8BC9CEB8-8B4A-11D0-8D11-00A0C91BC942}") = "gfxcomp_aplib", "gfxcomp_aplib.vcxproj", "{48A1D906-9AE6-41B0-9454-8158837CDFDC}"
EndProject
Project("{8BC9CEB8-8B4A-11D0-8D11-00A0C91BC942}") = "gfxcomp_highschoolkimengumi", "gfxcomp_highschoolkimengumi.vcxproj", "{2BE15569-75E9-4321-83AF-0225A3603CC2}"
EndProject
Project("{8BC9CEB8-8B4A-11D0-8D11-00A0C91BC942}") = "gfxcomp_2bppraw", "gfxcomp_2bppraw.vcxproj", "{EEA25CFF-B4E6-4585-AD30-54F2F2A28DFC}"
EndProject
Project("{8BC9CEB8-8B4A-11D0-8D11-00A0C91BC942}") = "gfxcomp_3bppraw", "gfxcomp_3bppraw.vcxproj", "{EEA25CFF-B4E6-4585-AD30-54F2F2A28D0C}"
EndProject
Project("{8BC9CEB8-8B4A-11D0-8D11-00A0C91BC942}") = "gfxcomp_lsb", "gfxcomp_lsbtilemap.vcxproj", "{B3EFFF2D-80A9-40DB-AB5E-F6564AE924F9}"
EndProject
Project("{8BC9CEB8-8B4A-11D0-8D11-00A0C91BC942}") = "gfxcomp_zx7", "gfxcomp_zx7.vcxproj", "{282B8C1C-1687-47B2-9AC5-F4CB1FB1E11F}"
EndProject
Project("{8BC9CEB8-8B4A-11D0-8D11-00A0C91BC942}") = "gfxcomp_exomizerv2", "gfxcomp_exomizerv2.vcxproj", "{A936A3A1-2414-4276-B940-3F2358FD3928}"
	ProjectSection(ProjectDependencies) = postProject
		{CB1429FA-552A-453E-B5A6-8D6CFAE006C6} = {CB1429FA-552A-453E-B5A6-8D6CFAE006C6}
	EndProjectSection
EndProject
Project("{8BC9CEB8-8B4A-11D0-8D11-00A0C91BC942}") = "exomizer", "exomizer\exomizer.vcxproj", "{CB1429FA-552A-453E-B5A6-8D6CFAE006C6}"
EndProject
Project("{8BC9CEB8-8B4A-11D0-8D11-00A0C91BC942}") = "gfxcomp_lz4", "gfxcomp_lz4.vcxproj", "{046E0C05-BEDD-484E-882D-BE3FF4531636}"
EndProject
Project("{8BC9CEB8-8B4A-11D0-8D11-00A0C91BC942}") = "gfxcomp_apultra", "gfxcomp_apultra.vcxproj", "{48A1D906-9AE6-41B0-9454-8158837CDFFF}"
EndProject
Project("{8BC9CEB8-8B4A-11D0-8D11-00A0C91BC942}") = "gfxcomp_oapack", "gfxcomp_oapack.vcxproj", "{48A1D906-9AE6-41B0-9454-DEADBEEFDFFF}"
EndProject
Project("{8BC9CEB8-8B4A-11D0-8D11-00A0C91BC942}") = "gfxcomp_pucrunch", "gfxcomp_pucrunch.vcxproj", "{D38ABA01-D125-4C36-8EE1-E3598B3BE477}"
EndProject
Project("{8BC9CEB8-8B4A-11D0-8D11-00A0C91BC942}") = "gfxcomp_lzsa1", "gfxcomp_lzsa1.vcxproj", "{48A1D906-9AE6-41B0-9454-DEADBEEFDF01}"
EndProject
Project("{8BC9CEB8-8B4A-11D0-8D11-00A0C91BC942}") = "gfxcomp_lzsa2", "gfxcomp_lzsa2.vcxproj", "{FABDF0DC-04BD-487C-9C37-491873A06C8D}"
EndProject
Project("{8BC9CEB8-8B4A-11D0-8D11-00A0C91BC942}") = "gfxcomp_zx0", "gfxcomp_zx0.vcxproj", "{DD14E330-BFA3-4812-A84F-694065654AD6}"
EndProject
Project("{2150E333-8FDC-42A3-9474-1A3956D46DE8}") = "Solution Items", "Solution Items", "{66689B51-E4B2-48F6-9E69-6E2647DEB129}"
	ProjectSection(SolutionItems) = preProject
		.editorconfig = .editorconfig
	EndProjectSection
EndProject
Project("{8BC9CEB8-8B4A-11D0-8D11-00A0C91BC942}") = "gfxcomp_stc0", "gfxcomp_stc0.vcxproj", "{EB4E5423-CA2C-4020-8796-438E218FF0E0}"
EndProject
Project("{8BC9CEB8-8B4A-11D0-8D11-00A0C91BC942}") = "gfxcomp_sonic2", "gfxcomp_sonic2.vcxproj", "{279B63D9-4BFE-406C-A6C2-756D3082BB37}"
EndProject
Project("{8BC9CEB8-8B4A-11D0-8D11-00A0C91BC942}") = "gfxcomp_magicknight", "gfxcomp_magicknight.vcxproj", "{EEA25CFF-F00D-4585-AD37-54F2F2A28DFC}"
EndProject
Global
	GlobalSection(SolutionConfigurationPlatforms) = preSolution
		Debug|x86 = Debug|x86
		Release|x86 = Release|x86
	EndGlobalSection
	GlobalSection(ProjectConfigurationPlatforms) = postSolution
		{CDDC9081-7930-454C-A887-B72BDFE9DE93}.Debug|x86.ActiveCfg = Debug|Win32
		{CDDC9081-7930-454C-A887-B72BDFE9DE93}.Debug|x86.Build.0 = Debug|Win32
		{CDDC9081-7930-454C-A887-B72BDFE9DE93}.Release|x86.ActiveCfg = Release|Win32
		{CDDC9081-7930-454C-A887-B72BDFE9DE93}.Release|x86.Build.0 = Release|Win32
		{7D600DE4-F899-4BD7-9CFB-C6BFF8A76514}.Debug|x86.ActiveCfg = Debug|Win32
		{7D600DE4-F899-4BD7-9CFB-C6BFF8A76514}.Debug|x86.Build.0 = Debug|Win32
		{7D600DE4-F899-4BD7-9CFB-C6BFF8A76514}.Release|x86.ActiveCfg = Release|Win32
		{7D600DE4-F899-4BD7-9CFB-C6BFF8A76514}.Release|x86.Build.0 = Release|Win32
		{F318F9F9-9F30-484C-B1EE-3F20FE6CC480}.Debug|x86.ActiveCfg = Debug|Win32
		{F318F9F9-9F30-484C-B1EE-3F20FE6CC480}.Debug|x86.Build.0 = Debug|Win32
		{F318F9F9-9F30-484C-B1EE-3F20FE6CC480}.Release|x86.ActiveCfg = Release|Win32
		{F318F9F9-9F30-484C-B1EE-3F20FE6CC480}.Release|x86.Build.0 = Release|Win32
		{EEA25CFF-B4E6-4585-AD37-54F2F2A28DFC}.Debug|x86.ActiveCfg = Debug|Win32
		{EEA25CFF-B4E6-4585-AD37-54F2F2A28DFC}.Debug|x86.Build.0 = Debug|Win32
		{EEA25CFF-B4E6-4585-AD37-54F2F2A28DFC}.Release|x86.ActiveCfg = Release|Win32
		{EEA25CFF-B4E6-4585-AD37-54F2F2A28DFC}.Release|x86.Build.0 = Release|Win32
		{279B63D9-4BFE-406C-A6C2-756D3082BB36}.Debug|x86.ActiveCfg = Debug|Win32
		{279B63D9-4BFE-406C-A6C2-756D3082BB36}.Debug|x86.Build.0 = Debug|Win32
		{279B63D9-4BFE-406C-A6C2-756D3082BB36}.Release|x86.ActiveCfg = Release|Win32
		{279B63D9-4BFE-406C-A6C2-756D3082BB36}.Release|x86.Build.0 = Release|Win32
		{2AAEA610-2056-497A-86F1-F83DCE7682D4}.Debug|x86.ActiveCfg = Debug|Win32
		{2AAEA610-2056-497A-86F1-F83DCE7682D4}.Debug|x86.Build.0 = Debug|Win32
		{2AAEA610-2056-497A-86F1-F83DCE7682D4}.Release|x86.ActiveCfg = Release|Win32
		{2AAEA610-2056-497A-86F1-F83DCE7682D4}.Release|x86.Build.0 = Release|Win32
		{48A1D906-9AE6-41B0-9454-8158837CDFDC}.Debug|x86.ActiveCfg = Debug|Win32
		{48A1D906-9AE6-41B0-9454-8158837CDFDC}.Debug|x86.Build.0 = Debug|Win32
		{48A1D906-9AE6-41B0-9454-8158837CDFDC}.Release|x86.ActiveCfg = Release|Win32
		{48A1D906-9AE6-41B0-9454-8158837CDFDC}.Release|x86.Build.0 = Release|Win32
		{2BE15569-75E9-4321-83AF-0225A3603CC2}.Debug|x86.ActiveCfg = Debug|Win32
		{2BE15569-75E9-4321-83AF-0225A3603CC2}.Debug|x86.Build.0 = Debug|Win32
		{2BE15569-75E9-4321-83AF-0225A3603CC2}.Release|x86.ActiveCfg = Release|Win32
		{2BE15569-75E9-4321-83AF-0225A3603CC2}.Release|x86.Build.0 = Release|Win32
		{EEA25CFF-B4E6-4585-AD30-54F2F2A28DFC}.Debug|x86.ActiveCfg = Debug|Win32
		{EEA25CFF-B4E6-4585-AD30-54F2F2A28DFC}.Debug|x86.Build.0 = Debug|Win32
		{EEA25CFF-B4E6-4585-AD30-54F2F2A28DFC}.Release|x86.ActiveCfg = Release|Win32
		{EEA25CFF-B4E6-4585-AD30-54F2F2A28DFC}.Release|x86.Build.0 = Release|Win32
		{EEA25CFF-B4E6-4585-AD30-54F2F2A28D0C}.Debug|x86.ActiveCfg = Debug|Win32
		{EEA25CFF-B4E6-4585-AD30-54F2F2A28D0C}.Debug|x86.Build.0 = Debug|Win32
		{EEA25CFF-B4E6-4585-AD30-54F2F2A28D0C}.Release|x86.ActiveCfg = Release|Win32
		{EEA25CFF-B4E6-4585-AD30-54F2F2A28D0C}.Release|x86.Build.0 = Release|Win32
		{B3EFFF2D-80A9-40DB-AB5E-F6564AE924F9}.Debug|x86.ActiveCfg = Debug|Win32
		{B3EFFF2D-80A9-40DB-AB5E-F6564AE924F9}.Debug|x86.Build.0 = Debug|Win32
		{B3EFFF2D-80A9-40DB-AB5E-F6564AE924F9}.Release|x86.ActiveCfg = Release|Win32
		{B3EFFF2D-80A9-40DB-AB5E-F6564AE924F9}.Release|x86.Build.0 = Release|Win32
		{282B8C1C-1687-47B2-9AC5-F4CB1FB1E11F}.Debug|x86.ActiveCfg = Debug|Win32
		{282B8C1C-1687-47B2-9AC5-F4CB1FB1E11F}.Debug|x86.Build.0 = Debug|Win32
		{282B8C1C-1687-47B2-9AC5-F4CB1FB1E11F}.Release|x86.ActiveCfg = Release|Win32
		{282B8C1C-1687-47B2-9AC5-F4CB1FB1E11F}.Release|x86.Build.0 = Release|Win32
		{A936A3A1-2414-4276-B940-3F2358FD3928}.Debug|x86.ActiveCfg = Debug|Win32
		{A936A3A1-2414-4276-B940-3F2358FD3928}.Debug|x86.Build.0 = Debug|Win32
		{A936A3A1-2414-4276-B940-3F2358FD3928}.Release|x86.ActiveCfg = Release|Win32
		{A936A3A1-2414-4276-B940-3F2358FD3928}.Release|x86.Build.0 = Release|Win32
		{CB1429FA-552A-453E-B5A6-8D6CFAE006C6}.Debug|x86.ActiveCfg = Debug|Win32
		{CB1429FA-552A-453E-B5A6-8D6CFAE006C6}.Debug|x86.Build.0 = Debug|Win32
		{CB1429FA-552A-453E-B5A6-8D6CFAE006C6}.Release|x86.ActiveCfg = Release|Win32
		{CB1429FA-552A-453E-B5A6-8D6CFAE006C6}.Release|x86.Build.0 = Release|Win32
		{046E0C05-BEDD-484E-882D-BE3FF4531636}.Debug|x86.ActiveCfg = Debug|Win32
		{046E0C05-BEDD-484E-882D-BE3FF4531636}.Debug|x86.Build.0 = Debug|Win32
		{046E0C05-BEDD-484E-882D-BE3FF4531636}.Release|x86.ActiveCfg = Release|Win32
		{046E0C05-BEDD-484E-882D-BE3FF4531636}.Release|x86.Build.0 = Release|Win32
		{48A1D906-9AE6-41B0-9454-8158837CDFFF}.Debug|x86.ActiveCfg = Debug|Win32
		{48A1D906-9AE6-41B0-9454-8158837CDFFF}.Debug|x86.Build.0 = Debug|Win32
		{48A1D906-9AE6-41B0-9454-8158837CDFFF}.Release|x86.ActiveCfg = Release|Win32
		{48A1D906-9AE6-41B0-9454-8158837CDFFF}.Release|x86.Build.0 = Release|Win32
		{48A1D906-9AE6-41B0-9454-DEADBEEFDFFF}.Debug|x86.ActiveCfg = Debug|Win32
		{48A1D906-9AE6-41B0-9454-DEADBEEFDFFF}.Debug|x86.Build.0 = Debug|Win32
		{48A1D906-9AE6-41B0-9454-DEADBEEFDFFF}.Release|x86.ActiveCfg = Release|Win32
		{48A1D906-9AE6-41B0-9454-DEADBEEFDFFF}.Release|x86.Build.0 = Release|Win32
		{D38ABA01-D125-4C36-8EE1-E3598B3BE477}.Debug|x86.ActiveCfg = Debug|Win32
		{D38ABA01-D125-4C36-8EE1-E3598B3BE477}.Debug|x86.Build.0 = Debug|Win32
		{D38ABA01-D125-4C36-8EE1-E3598B3BE477}.Release|x86.ActiveCfg = Release|Win32
		{D38ABA01-D125-4C36-8EE1-E3598B3BE477}.Release|x86.Build.0 = Release|Win32
		{48A1D906-9AE6-41B0-9454-DEADBEEFDF01}.Debug|x86.ActiveCfg = Debug|Win32
		{48A1D906-9AE6-41B0-9454-DEADBEEFDF01}.Debug|x86.Build.0 = Debug|Win32
		{48A1D906-9AE6-41B0-9454-DEADBEEFDF01}.Release|x86.ActiveCfg = Release|Win32
		{48A1D906-9AE6-41B0-9454-DEADBEEFDF01}.Release|x86.Build.0 = Release|Win32
		{FABDF0DC-04BD-487C-9C37-491873A06C8D}.Debug|x86.ActiveCfg = Debug|Win32
		{FABDF0DC-04BD-487C-9C37-491873A06C8D}.Debug|x86.Build.0 = Debug|Win32
		{FABDF0DC-04BD-487C-9C37-491873A06C8D}.Release|x86.ActiveCfg = Release|Win32
		{FABDF0DC-04BD-487C-9C37-491873A06C8D}.Release|x86.Build.0 = Release|Win32
		{DD14E330-BFA3-4812-A84F-694065654AD6}.Debug|x86.ActiveCfg = Debug|Win32
		{DD14E330-BFA3-4812-A84F-694065654AD6}.Debug|x86.Build.0 = Debug|Win32
		{DD14E330-BFA3-4812-A84F-694065654AD6}.Release|x86.ActiveCfg = Release|Win32
		{DD14E330-BFA3-4812-A84F-694065654AD6}.Release|x86.Build.0 = Release|Win32
		{EB4E5423-CA2C-4020-8796-438E218FF0E0}.Debug|x86.ActiveCfg = Debug|Win32
		{EB4E5423-CA2C-4020-8796-438E218FF0E0}.Debug|x86.Build.0 = Debug|Win32
		{EB4E5423-CA2C-4020-8796-438E218FF0E0}.Release|x86.ActiveCfg = Release|Win32
		{EB4E5423-CA2C-4020-8796-438E218FF0E0}.Release|x86.Build.0 = Release|Win32
		{279B63D9-4BFE-406C-A6C2-756D3082BB37}.Debug|x86.ActiveCfg = Debug|Win32
		{279B63D9-4BFE-406C-A6C2-756D3082BB37}.Debug|x86.Build.0 = Debug|Win32
		{279B63D9-4BFE-406C-A6C2-756D3082BB37}.Release|x86.ActiveCfg = Release|Win32
		{279B63D9-4BFE-406C-A6C2-756D3082BB37}.Release|x86.Build.0 = Release|Win32
		{EEA25CFF-F00D-4585-AD37-54F2F2A28DFC}.Debug|x86.ActiveCfg = Debug|Win32
		{EEA25CFF-F00D-4585-AD37-54F2F2A28DFC}.Debug|x86.Build.0 = Debug|Win32
		{EEA25CFF-F00D-4585-AD37-54F2F2A28DFC}.Release|x86.ActiveCfg = Release|Win32
		{EEA25CFF-F00D-4585-AD37-54F2F2A28DFC}.Release|x86.Build.0 = Release|Win32
	EndGlobalSection
	GlobalSection(SolutionProperties) = preSolution
		HideSolutionNode = FALSE
	EndGlobalSection
	GlobalSection(ExtensibilityGlobals) = postSolution
		SolutionGuid = {0AF9852C-BC68-435E-9865-F477E033013B}
	EndGlobalSection
EndGlobal
