Microsoft Visual Studio Solution File, Format Version 11.00
# Visual Studio 2010
Project("{8BC9CEB8-8B4A-11D0-8D11-00A0C91BC942}") = "gfxcomp_phantasystar", "gfxcomp_phantasystar.vcxproj", "{CDDC9081-7930-454C-A887-B72BDFE9DE93}"
EndProject
Project("{8BC9CEB8-8B4A-11D0-8D11-00A0C91BC942}") = "gfxcomp_raw", "gfxcomp_raw.vcxproj", "{7D600DE4-F899-4BD7-9CFB-C6BFF8A76514}"
EndProject
Project("{8BC9CEB8-8B4A-11D0-8D11-00A0C91BC942}") = "gfxcomp_psgaiden", "gfxcomp_psgaiden.vcxproj", "{F318F9F9-9F30-484C-B1EE-3F20FE6CC480}"
EndProject
Project("{8BC9CEB8-8B4A-11D0-8D11-00A0C91BC942}") = "gfxcomp_highschoolkimengumi", "gfxcomp_highschoolkimengumi.vcxproj", "{2BE15569-75E9-4321-83AF-0225A3603CC2}"
EndProject
Project("{8BC9CEB8-8B4A-11D0-8D11-00A0C91BC942}") = "gfxcomp_sonic1", "gfxcomp_sonic1.vcxproj", "{BAEBD641-DD9A-4B73-8C6C-9FAA68353A2E}"
EndProject
Global
	GlobalSection(SolutionConfigurationPlatforms) = preSolution
		Debug|Win32 = Debug|Win32
		Release|Win32 = Release|Win32
	EndGlobalSection
	GlobalSection(ProjectConfigurationPlatforms) = postSolution
		{CDDC9081-7930-454C-A887-B72BDFE9DE93}.Debug|Win32.ActiveCfg = Debug|Win32
		{CDDC9081-7930-454C-A887-B72BDFE9DE93}.Debug|Win32.Build.0 = Debug|Win32
		{CDDC9081-7930-454C-A887-B72BDFE9DE93}.Release|Win32.ActiveCfg = Release|Win32
		{CDDC9081-7930-454C-A887-B72BDFE9DE93}.Release|Win32.Build.0 = Release|Win32
		{7D600DE4-F899-4BD7-9CFB-C6BFF8A76514}.Debug|Win32.ActiveCfg = Debug|Win32
		{7D600DE4-F899-4BD7-9CFB-C6BFF8A76514}.Debug|Win32.Build.0 = Debug|Win32
		{7D600DE4-F899-4BD7-9CFB-C6BFF8A76514}.Release|Win32.ActiveCfg = Release|Win32
		{7D600DE4-F899-4BD7-9CFB-C6BFF8A76514}.Release|Win32.Build.0 = Release|Win32
		{F318F9F9-9F30-484C-B1EE-3F20FE6CC480}.Debug|Win32.ActiveCfg = Debug|Win32
		{F318F9F9-9F30-484C-B1EE-3F20FE6CC480}.Debug|Win32.Build.0 = Debug|Win32
		{F318F9F9-9F30-484C-B1EE-3F20FE6CC480}.Release|Win32.ActiveCfg = Release|Win32
		{F318F9F9-9F30-484C-B1EE-3F20FE6CC480}.Release|Win32.Build.0 = Release|Win32
		{2BE15569-75E9-4321-83AF-0225A3603CC2}.Debug|Win32.ActiveCfg = Debug|Win32
		{2BE15569-75E9-4321-83AF-0225A3603CC2}.Debug|Win32.Build.0 = Debug|Win32
		{2BE15569-75E9-4321-83AF-0225A3603CC2}.Release|Win32.ActiveCfg = Release|Win32
		{2BE15569-75E9-4321-83AF-0225A3603CC2}.Release|Win32.Build.0 = Release|Win32
		{BAEBD641-DD9A-4B73-8C6C-9FAA68353A2E}.Debug|Win32.ActiveCfg = Debug|Win32
		{BAEBD641-DD9A-4B73-8C6C-9FAA68353A2E}.Debug|Win32.Build.0 = Debug|Win32
		{BAEBD641-DD9A-4B73-8C6C-9FAA68353A2E}.Release|Win32.ActiveCfg = Release|Win32
		{BAEBD641-DD9A-4B73-8C6C-9FAA68353A2E}.Release|Win32.Build.0 = Release|Win32
	EndGlobalSection
	GlobalSection(SolutionProperties) = preSolution
		HideSolutionNode = FALSE
	EndGlobalSection
EndGlobal
